{
  "name": "eOPT",
  "version": "1.0.0",
  "lockfileVersion": 3,
  "requires": true,
  "packages": {
    "": {
      "name": "eOPT",
      "version": "1.0.0",
      "workspaces": [
        "./packages/*"
      ]
    },
    "node_modules/consumer-off": {
      "resolved": "packages/consumer-off",
      "link": true
    },
    "node_modules/consumer-on": {
      "resolved": "packages/consumer-on",
      "link": true
    },
    "node_modules/library-off": {
      "resolved": "packages/library-off",
      "link": true
    },
    "node_modules/library-on": {
      "resolved": "packages/library-on",
      "link": true
    },
    "node_modules/typescript": {
      "version": "5.2.2",
      "resolved": "https://registry.npmjs.org/typescript/-/typescript-5.2.2.tgz",
      "integrity": "sha512-mI4WrpHsbCIcwT9cF4FZvr80QUeKvsUsUvKDoR+X/7XHQH98xYD8YHZg7ANtz2GtZt/CBq2QJ0thkGJMHfqc1w==",
      "dev": true,
      "bin": {
        "tsc": "bin/tsc",
        "tsserver": "bin/tsserver"
      },
      "engines": {
        "node": ">=14.17"
      }
    },
    "packages/consumer-off": {
      "version": "1.0.0",
      "dependencies": {
        "library-off": "*",
        "library-on": "*"
      },
      "devDependencies": {
        "typescript": "^5.2.2"
      }
    },
    "packages/consumer-on": {
      "version": "1.0.0",
      "dependencies": {
        "library-off": "*",
        "library-on": "*"
      },
      "devDependencies": {
        "typescript": "^5.2.2"
      }
    },
    "packages/library-off": {
      "version": "1.0.0",
      "devDependencies": {
        "typescript": "^5.2.2"
      }
    },
    "packages/library-on": {
      "version": "1.0.0",
      "devDependencies": {
        "typescript": "^5.2.2"
      }
    }
  }
}
